
Microsoft Visual Studio Solution File, Format Version 12.00
# Visual Studio 15
VisualStudioVersion = 15.0.26124.0
MinimumVisualStudioVersion = 15.0.26124.0
Project("{2150E333-8FDC-42A3-9474-1A3956D46DE8}") = "src", "src", "{A82713F9-E510-4CE1-BC2A-4FEE4C49BB0A}"
EndProject
Project("{FAE04EC0-301F-11D3-BF4B-00C04F79EFBC}") = "Links", "src\Links\Links.csproj", "{FD7E24DC-96F9-4469-94BD-37B9A203C6FB}"
EndProject
Global
	GlobalSection(SolutionConfigurationPlatforms) = preSolution
		Debug|Any CPU = Debug|Any CPU
		Debug|x64 = Debug|x64
		Debug|x86 = Debug|x86
		Release|Any CPU = Release|Any CPU
		Release|x64 = Release|x64
		Release|x86 = Release|x86
	EndGlobalSection
	GlobalSection(SolutionProperties) = preSolution
		HideSolutionNode = FALSE
	EndGlobalSection
	GlobalSection(ProjectConfigurationPlatforms) = postSolution
		{FD7E24DC-96F9-4469-94BD-37B9A203C6FB}.Debug|Any CPU.ActiveCfg = Debug|Any CPU
		{FD7E24DC-96F9-4469-94BD-37B9A203C6FB}.Debug|Any CPU.Build.0 = Debug|Any CPU
		{FD7E24DC-96F9-4469-94BD-37B9A203C6FB}.Debug|x64.ActiveCfg = Debug|Any CPU
		{FD7E24DC-96F9-4469-94BD-37B9A203C6FB}.Debug|x64.Build.0 = Debug|Any CPU
		{FD7E24DC-96F9-4469-94BD-37B9A203C6FB}.Debug|x86.ActiveCfg = Debug|Any CPU
		{FD7E24DC-96F9-4469-94BD-37B9A203C6FB}.Debug|x86.Build.0 = Debug|Any CPU
		{FD7E24DC-96F9-4469-94BD-37B9A203C6FB}.Release|Any CPU.ActiveCfg = Release|Any CPU
		{FD7E24DC-96F9-4469-94BD-37B9A203C6FB}.Release|Any CPU.Build.0 = Release|Any CPU
		{FD7E24DC-96F9-4469-94BD-37B9A203C6FB}.Release|x64.ActiveCfg = Release|Any CPU
		{FD7E24DC-96F9-4469-94BD-37B9A203C6FB}.Release|x64.Build.0 = Release|Any CPU
		{FD7E24DC-96F9-4469-94BD-37B9A203C6FB}.Release|x86.ActiveCfg = Release|Any CPU
		{FD7E24DC-96F9-4469-94BD-37B9A203C6FB}.Release|x86.Build.0 = Release|Any CPU
	EndGlobalSection
	GlobalSection(NestedProjects) = preSolution
		{FD7E24DC-96F9-4469-94BD-37B9A203C6FB} = {A82713F9-E510-4CE1-BC2A-4FEE4C49BB0A}
	EndGlobalSection
EndGlobal
